
Microsoft Visual Studio Solution File, Format Version 12.00
# Visual Studio Version 17
VisualStudioVersion = 17.5.002.0
MinimumVisualStudioVersion = 10.0.40219.1
Project("{2150E333-8FDC-42A3-9474-1A3956D46DE8}") = "sandbox", "sandbox", "{006B80C6-AD4C-4CE7-BD84-024B8C9C6211}"
EndProject
Project("{9A19103F-16F7-4668-BE54-9A1E7A4F7556}") = "sandbox_project", "sandbox\sandbox_project\sandbox_project.csproj", "{A7A59352-C037-460B-BCDA-F740AB26D232}"
EndProject
Project("{2150E333-8FDC-42A3-9474-1A3956D46DE8}") = "week01", "week01", "{77D63085-AA7F-4A19-9C2E-57C151027284}"
EndProject
Project("{9A19103F-16F7-4668-BE54-9A1E7A4F7556}") = "analyze", "week01\analyze\analyze.csproj", "{6930082C-3B87-4216-BBFA-D38F74FE4041}"
EndProject
Project("{9A19103F-16F7-4668-BE54-9A1E7A4F7556}") = "code", "week01\code\code.csproj", "{6EFB2314-15ED-4C7C-8946-B48D98E32526}"
EndProject
Project("{9A19103F-16F7-4668-BE54-9A1E7A4F7556}") = "teach", "week01\teach\teach.csproj", "{DD22349B-5D45-4EA3-9527-AF1302BC41E7}"
EndProject
Project("{2150E333-8FDC-42A3-9474-1A3956D46DE8}") = "week02", "week02", "{6D35D2BD-2293-447E-9279-3FB1AE56B333}"
EndProject
Project("{9A19103F-16F7-4668-BE54-9A1E7A4F7556}") = "analyze", "week02\analyze\analyze.csproj", "{EC0FE6FA-E50A-487F-9650-F75DDDBB07DC}"
EndProject
Project("{9A19103F-16F7-4668-BE54-9A1E7A4F7556}") = "code", "week02\code\code.csproj", "{7F2B9A7B-2E2C-485F-9B71-0D4DCB42DEC4}"
EndProject
Project("{9A19103F-16F7-4668-BE54-9A1E7A4F7556}") = "learn", "week02\learn\learn.csproj", "{5BE59CB3-EAE0-4FF8-A080-D79729F1320F}"
EndProject
Project("{9A19103F-16F7-4668-BE54-9A1E7A4F7556}") = "teach", "week02\teach\teach.csproj", "{E6622D5A-38FF-4962-9CB4-C680A102AAF9}"
EndProject
Project("{2150E333-8FDC-42A3-9474-1A3956D46DE8}") = "week03", "week03", "{C29A25EE-9C08-44CE-AA8C-D6A7F88075ED}"
EndProject
Project("{9A19103F-16F7-4668-BE54-9A1E7A4F7556}") = "code", "week03\code\code.csproj", "{D81EB982-6738-4B8B-BD35-EBBA30E5471C}"
EndProject
Project("{9A19103F-16F7-4668-BE54-9A1E7A4F7556}") = "learn", "week03\learn\learn.csproj", "{D20DC290-C5EC-4F60-8FB0-C655422A2A77}"
EndProject
Project("{9A19103F-16F7-4668-BE54-9A1E7A4F7556}") = "teach", "week03\teach\teach.csproj", "{3717995F-AEB0-4EA9-8AF9-7B91AA3CA3E8}"
EndProject
Project("{2150E333-8FDC-42A3-9474-1A3956D46DE8}") = "week04", "week04", "{E4A35CC7-8075-417F-9AC1-B9A564AD14ED}"
EndProject
Project("{9A19103F-16F7-4668-BE54-9A1E7A4F7556}") = "code", "week04\code\code.csproj", "{425B9802-99E8-4986-91DC-7986EA652646}"
EndProject
Project("{2150E333-8FDC-42A3-9474-1A3956D46DE8}") = "week05", "week05", "{28BEA888-E2D7-4DAA-B47E-680FEC89DBC3}"
EndProject
Project("{9A19103F-16F7-4668-BE54-9A1E7A4F7556}") = "code", "week05\code\code.csproj", "{3B7261FF-53E1-471F-891D-FAD2D5987BFC}"
EndProject
Project("{2150E333-8FDC-42A3-9474-1A3956D46DE8}") = "week06", "week06", "{D627E5B4-1FFB-4E03-94A8-63D246CB9123}"
EndProject
Project("{9A19103F-16F7-4668-BE54-9A1E7A4F7556}") = "code", "week06\code\code.csproj", "{82ED6490-60EC-4F9D-9ECE-723F4B82071F}"
EndProject
Global
	GlobalSection(SolutionConfigurationPlatforms) = preSolution
		Debug|Any CPU = Debug|Any CPU
		Release|Any CPU = Release|Any CPU
	EndGlobalSection
	GlobalSection(ProjectConfigurationPlatforms) = postSolution
		{A7A59352-C037-460B-BCDA-F740AB26D232}.Debug|Any CPU.ActiveCfg = Debug|Any CPU
		{A7A59352-C037-460B-BCDA-F740AB26D232}.Debug|Any CPU.Build.0 = Debug|Any CPU
		{A7A59352-C037-460B-BCDA-F740AB26D232}.Release|Any CPU.ActiveCfg = Release|Any CPU
		{A7A59352-C037-460B-BCDA-F740AB26D232}.Release|Any CPU.Build.0 = Release|Any CPU
		{6930082C-3B87-4216-BBFA-D38F74FE4041}.Debug|Any CPU.ActiveCfg = Debug|Any CPU
		{6930082C-3B87-4216-BBFA-D38F74FE4041}.Debug|Any CPU.Build.0 = Debug|Any CPU
		{6930082C-3B87-4216-BBFA-D38F74FE4041}.Release|Any CPU.ActiveCfg = Release|Any CPU
		{6930082C-3B87-4216-BBFA-D38F74FE4041}.Release|Any CPU.Build.0 = Release|Any CPU
		{6EFB2314-15ED-4C7C-8946-B48D98E32526}.Debug|Any CPU.ActiveCfg = Debug|Any CPU
		{6EFB2314-15ED-4C7C-8946-B48D98E32526}.Debug|Any CPU.Build.0 = Debug|Any CPU
		{6EFB2314-15ED-4C7C-8946-B48D98E32526}.Release|Any CPU.ActiveCfg = Release|Any CPU
		{6EFB2314-15ED-4C7C-8946-B48D98E32526}.Release|Any CPU.Build.0 = Release|Any CPU
		{DD22349B-5D45-4EA3-9527-AF1302BC41E7}.Debug|Any CPU.ActiveCfg = Debug|Any CPU
		{DD22349B-5D45-4EA3-9527-AF1302BC41E7}.Debug|Any CPU.Build.0 = Debug|Any CPU
		{DD22349B-5D45-4EA3-9527-AF1302BC41E7}.Release|Any CPU.ActiveCfg = Release|Any CPU
		{DD22349B-5D45-4EA3-9527-AF1302BC41E7}.Release|Any CPU.Build.0 = Release|Any CPU
		{EC0FE6FA-E50A-487F-9650-F75DDDBB07DC}.Debug|Any CPU.ActiveCfg = Debug|Any CPU
		{EC0FE6FA-E50A-487F-9650-F75DDDBB07DC}.Debug|Any CPU.Build.0 = Debug|Any CPU
		{EC0FE6FA-E50A-487F-9650-F75DDDBB07DC}.Release|Any CPU.ActiveCfg = Release|Any CPU
		{EC0FE6FA-E50A-487F-9650-F75DDDBB07DC}.Release|Any CPU.Build.0 = Release|Any CPU
		{7F2B9A7B-2E2C-485F-9B71-0D4DCB42DEC4}.Debug|Any CPU.ActiveCfg = Debug|Any CPU
		{7F2B9A7B-2E2C-485F-9B71-0D4DCB42DEC4}.Debug|Any CPU.Build.0 = Debug|Any CPU
		{7F2B9A7B-2E2C-485F-9B71-0D4DCB42DEC4}.Release|Any CPU.ActiveCfg = Release|Any CPU
		{7F2B9A7B-2E2C-485F-9B71-0D4DCB42DEC4}.Release|Any CPU.Build.0 = Release|Any CPU
		{5BE59CB3-EAE0-4FF8-A080-D79729F1320F}.Debug|Any CPU.ActiveCfg = Debug|Any CPU
		{5BE59CB3-EAE0-4FF8-A080-D79729F1320F}.Debug|Any CPU.Build.0 = Debug|Any CPU
		{5BE59CB3-EAE0-4FF8-A080-D79729F1320F}.Release|Any CPU.ActiveCfg = Release|Any CPU
		{5BE59CB3-EAE0-4FF8-A080-D79729F1320F}.Release|Any CPU.Build.0 = Release|Any CPU
		{E6622D5A-38FF-4962-9CB4-C680A102AAF9}.Debug|Any CPU.ActiveCfg = Debug|Any CPU
		{E6622D5A-38FF-4962-9CB4-C680A102AAF9}.Debug|Any CPU.Build.0 = Debug|Any CPU
		{E6622D5A-38FF-4962-9CB4-C680A102AAF9}.Release|Any CPU.ActiveCfg = Release|Any CPU
		{E6622D5A-38FF-4962-9CB4-C680A102AAF9}.Release|Any CPU.Build.0 = Release|Any CPU
		{D81EB982-6738-4B8B-BD35-EBBA30E5471C}.Debug|Any CPU.ActiveCfg = Debug|Any CPU
		{D81EB982-6738-4B8B-BD35-EBBA30E5471C}.Debug|Any CPU.Build.0 = Debug|Any CPU
		{D81EB982-6738-4B8B-BD35-EBBA30E5471C}.Release|Any CPU.ActiveCfg = Release|Any CPU
		{D81EB982-6738-4B8B-BD35-EBBA30E5471C}.Release|Any CPU.Build.0 = Release|Any CPU
		{D20DC290-C5EC-4F60-8FB0-C655422A2A77}.Debug|Any CPU.ActiveCfg = Debug|Any CPU
		{D20DC290-C5EC-4F60-8FB0-C655422A2A77}.Debug|Any CPU.Build.0 = Debug|Any CPU
		{D20DC290-C5EC-4F60-8FB0-C655422A2A77}.Release|Any CPU.ActiveCfg = Release|Any CPU
		{D20DC290-C5EC-4F60-8FB0-C655422A2A77}.Release|Any CPU.Build.0 = Release|Any CPU
		{3717995F-AEB0-4EA9-8AF9-7B91AA3CA3E8}.Debug|Any CPU.ActiveCfg = Debug|Any CPU
		{3717995F-AEB0-4EA9-8AF9-7B91AA3CA3E8}.Debug|Any CPU.Build.0 = Debug|Any CPU
		{3717995F-AEB0-4EA9-8AF9-7B91AA3CA3E8}.Release|Any CPU.ActiveCfg = Release|Any CPU
		{3717995F-AEB0-4EA9-8AF9-7B91AA3CA3E8}.Release|Any CPU.Build.0 = Release|Any CPU
		{425B9802-99E8-4986-91DC-7986EA652646}.Debug|Any CPU.ActiveCfg = Debug|Any CPU
		{425B9802-99E8-4986-91DC-7986EA652646}.Debug|Any CPU.Build.0 = Debug|Any CPU
		{425B9802-99E8-4986-91DC-7986EA652646}.Release|Any CPU.ActiveCfg = Release|Any CPU
		{425B9802-99E8-4986-91DC-7986EA652646}.Release|Any CPU.Build.0 = Release|Any CPU
		{3B7261FF-53E1-471F-891D-FAD2D5987BFC}.Debug|Any CPU.ActiveCfg = Debug|Any CPU
		{3B7261FF-53E1-471F-891D-FAD2D5987BFC}.Debug|Any CPU.Build.0 = Debug|Any CPU
		{3B7261FF-53E1-471F-891D-FAD2D5987BFC}.Release|Any CPU.ActiveCfg = Release|Any CPU
		{3B7261FF-53E1-471F-891D-FAD2D5987BFC}.Release|Any CPU.Build.0 = Release|Any CPU
		{82ED6490-60EC-4F9D-9ECE-723F4B82071F}.Debug|Any CPU.ActiveCfg = Debug|Any CPU
		{82ED6490-60EC-4F9D-9ECE-723F4B82071F}.Debug|Any CPU.Build.0 = Debug|Any CPU
		{82ED6490-60EC-4F9D-9ECE-723F4B82071F}.Release|Any CPU.ActiveCfg = Release|Any CPU
		{82ED6490-60EC-4F9D-9ECE-723F4B82071F}.Release|Any CPU.Build.0 = Release|Any CPU
	EndGlobalSection
	GlobalSection(SolutionProperties) = preSolution
		HideSolutionNode = FALSE
	EndGlobalSection
	GlobalSection(NestedProjects) = preSolution
		{A7A59352-C037-460B-BCDA-F740AB26D232} = {006B80C6-AD4C-4CE7-BD84-024B8C9C6211}
		{6930082C-3B87-4216-BBFA-D38F74FE4041} = {77D63085-AA7F-4A19-9C2E-57C151027284}
		{6EFB2314-15ED-4C7C-8946-B48D98E32526} = {77D63085-AA7F-4A19-9C2E-57C151027284}
		{DD22349B-5D45-4EA3-9527-AF1302BC41E7} = {77D63085-AA7F-4A19-9C2E-57C151027284}
		{EC0FE6FA-E50A-487F-9650-F75DDDBB07DC} = {6D35D2BD-2293-447E-9279-3FB1AE56B333}
		{7F2B9A7B-2E2C-485F-9B71-0D4DCB42DEC4} = {6D35D2BD-2293-447E-9279-3FB1AE56B333}
		{5BE59CB3-EAE0-4FF8-A080-D79729F1320F} = {6D35D2BD-2293-447E-9279-3FB1AE56B333}
		{E6622D5A-38FF-4962-9CB4-C680A102AAF9} = {6D35D2BD-2293-447E-9279-3FB1AE56B333}
		{D81EB982-6738-4B8B-BD35-EBBA30E5471C} = {C29A25EE-9C08-44CE-AA8C-D6A7F88075ED}
		{D20DC290-C5EC-4F60-8FB0-C655422A2A77} = {C29A25EE-9C08-44CE-AA8C-D6A7F88075ED}
		{3717995F-AEB0-4EA9-8AF9-7B91AA3CA3E8} = {C29A25EE-9C08-44CE-AA8C-D6A7F88075ED}
		{425B9802-99E8-4986-91DC-7986EA652646} = {E4A35CC7-8075-417F-9AC1-B9A564AD14ED}
		{3B7261FF-53E1-471F-891D-FAD2D5987BFC} = {28BEA888-E2D7-4DAA-B47E-680FEC89DBC3}
		{82ED6490-60EC-4F9D-9ECE-723F4B82071F} = {D627E5B4-1FFB-4E03-94A8-63D246CB9123}
	EndGlobalSection
	GlobalSection(ExtensibilityGlobals) = postSolution
		SolutionGuid = {79C6955A-D436-4C0A-83FB-448EB5A9D1DE}
	EndGlobalSection
EndGlobal
